
Microsoft Visual Studio Solution File, Format Version 12.00
# Visual Studio Version 17
VisualStudioVersion = 17.4.33205.214
MinimumVisualStudioVersion = 10.0.40219.1
Project("{FAE04EC0-301F-11D3-BF4B-00C04F79EFBC}") = "SerializeClass", "SerializeClass\SerializeClass.csproj", "{6773872C-2288-44A2-B39E-2ADE229B3024}"
EndProject
Project("{FAE04EC0-301F-11D3-BF4B-00C04F79EFBC}") = "XMLSerialize", "XMLSerialize\XMLSerialize.csproj", "{421AAE7D-077A-4605-8BEB-D89DE3DDB5B7}"
EndProject
Global
	GlobalSection(SolutionConfigurationPlatforms) = preSolution
		Debug|Any CPU = Debug|Any CPU
		Release|Any CPU = Release|Any CPU
	EndGlobalSection
	GlobalSection(ProjectConfigurationPlatforms) = postSolution
		{6773872C-2288-44A2-B39E-2ADE229B3024}.Debug|Any CPU.ActiveCfg = Debug|Any CPU
		{6773872C-2288-44A2-B39E-2ADE229B3024}.Debug|Any CPU.Build.0 = Debug|Any CPU
		{6773872C-2288-44A2-B39E-2ADE229B3024}.Release|Any CPU.ActiveCfg = Release|Any CPU
		{6773872C-2288-44A2-B39E-2ADE229B3024}.Release|Any CPU.Build.0 = Release|Any CPU
		{421AAE7D-077A-4605-8BEB-D89DE3DDB5B7}.Debug|Any CPU.ActiveCfg = Debug|Any CPU
		{421AAE7D-077A-4605-8BEB-D89DE3DDB5B7}.Debug|Any CPU.Build.0 = Debug|Any CPU
		{421AAE7D-077A-4605-8BEB-D89DE3DDB5B7}.Release|Any CPU.ActiveCfg = Release|Any CPU
		{421AAE7D-077A-4605-8BEB-D89DE3DDB5B7}.Release|Any CPU.Build.0 = Release|Any CPU
	EndGlobalSection
	GlobalSection(SolutionProperties) = preSolution
		HideSolutionNode = FALSE
	EndGlobalSection
	GlobalSection(ExtensibilityGlobals) = postSolution
		SolutionGuid = {2389C663-5841-4B5A-AF54-D9AC9B9C62C0}
	EndGlobalSection
EndGlobal
